// !$*UTF8*$!
{
	archiveVersion = 1;
	classes = {
	};
	objectVersion = 50;
	objects = {

/* Begin PBXBuildFile section */
		7802DB922264178E00F6682F /* AppDelegate.swift in Sources */ = {isa = PBXBuildFile; fileRef = 7802DB912264178E00F6682F /* AppDelegate.swift */; };
		7802DB992264179100F6682F /* Assets.xcassets in Resources */ = {isa = PBXBuildFile; fileRef = 7802DB982264179100F6682F /* Assets.xcassets */; };
		7802DB9C2264179100F6682F /* LaunchScreen.storyboard in Resources */ = {isa = PBXBuildFile; fileRef = 7802DB9A2264179100F6682F /* LaunchScreen.storyboard */; };
		7802DBA62266680F00F6682F /* SDWebImageMapKit.framework in Frameworks */ = {isa = PBXBuildFile; fileRef = 7802DBA42266680F00F6682F /* SDWebImageMapKit.framework */; };
		7802DBA72266680F00F6682F /* SDWebImage.framework in Frameworks */ = {isa = PBXBuildFile; fileRef = 7802DBA52266680F00F6682F /* SDWebImage.framework */; };
		7802DBB82266A66E00F6682F /* Portuguese.strings in Resources */ = {isa = PBXBuildFile; fileRef = 7802DBBA2266A66E00F6682F /* Portuguese.strings */; };
		7802DBBD2266A68F00F6682F /* English.strings in Resources */ = {isa = PBXBuildFile; fileRef = 7802DBBF2266A68F00F6682F /* English.strings */; };
		7802DBCA2266B05900F6682F /* Configuration.swift in Sources */ = {isa = PBXBuildFile; fileRef = 7802DBC92266B05900F6682F /* Configuration.swift */; };
		7802DBCC22676F6100F6682F /* Coordinator.swift in Sources */ = {isa = PBXBuildFile; fileRef = 7802DBCB22676F6100F6682F /* Coordinator.swift */; };
		7802DBDE226789B100F6682F /* EndPointProtocol.swift in Sources */ = {isa = PBXBuildFile; fileRef = 7802DBDD226789B100F6682F /* EndPointProtocol.swift */; };
		7802DBE222678A2500F6682F /* HTTPMethod.swift in Sources */ = {isa = PBXBuildFile; fileRef = 7802DBE122678A2500F6682F /* HTTPMethod.swift */; };
		7802DBE422678A8700F6682F /* HTTPParameters.swift in Sources */ = {isa = PBXBuildFile; fileRef = 7802DBE322678A8700F6682F /* HTTPParameters.swift */; };
		7802DBE622678AEE00F6682F /* Parameters.swift in Sources */ = {isa = PBXBuildFile; fileRef = 7802DBE522678AEE00F6682F /* Parameters.swift */; };
		7802DBE822678BAA00F6682F /* ParameterEncoding.swift in Sources */ = {isa = PBXBuildFile; fileRef = 7802DBE722678BAA00F6682F /* ParameterEncoding.swift */; };
		7802DBEA22678C0400F6682F /* URLParameterEncoder.swift in Sources */ = {isa = PBXBuildFile; fileRef = 7802DBE922678C0400F6682F /* URLParameterEncoder.swift */; };
		7802DBEC22678D1B00F6682F /* ParameterEncoderProtocol.swift in Sources */ = {isa = PBXBuildFile; fileRef = 7802DBEB22678D1B00F6682F /* ParameterEncoderProtocol.swift */; };
		7802DBEE22678DB500F6682F /* NetworkError.swift in Sources */ = {isa = PBXBuildFile; fileRef = 7802DBED22678DB500F6682F /* NetworkError.swift */; };
		7802DBF022678E5F00F6682F /* JSONParameterEncoder.swift in Sources */ = {isa = PBXBuildFile; fileRef = 7802DBEF22678E5F00F6682F /* JSONParameterEncoder.swift */; };
		7802DBF2226794B300F6682F /* NetworkRouter.swift in Sources */ = {isa = PBXBuildFile; fileRef = 7802DBF1226794B300F6682F /* NetworkRouter.swift */; };
		7802DBF42267950C00F6682F /* NetworkLoggerProtocol.swift in Sources */ = {isa = PBXBuildFile; fileRef = 7802DBF32267950C00F6682F /* NetworkLoggerProtocol.swift */; };
		7802DBF72267A78C00F6682F /* MovieAPIManager.swift in Sources */ = {isa = PBXBuildFile; fileRef = 7802DBF62267A78C00F6682F /* MovieAPIManager.swift */; };
		7802DBF92267A7AC00F6682F /* MovieAPIEndPoint.swift in Sources */ = {isa = PBXBuildFile; fileRef = 7802DBF82267A7AC00F6682F /* MovieAPIEndPoint.swift */; };
		7802DBFF2267B03500F6682F /* ServiceStatus.swift in Sources */ = {isa = PBXBuildFile; fileRef = 7802DBFE2267B03500F6682F /* ServiceStatus.swift */; };
		7802DC022267B05200F6682F /* ServiceResponse.swift in Sources */ = {isa = PBXBuildFile; fileRef = 7802DC012267B05200F6682F /* ServiceResponse.swift */; };
		7802DC052267BEE400F6682F /* Movie.swift in Sources */ = {isa = PBXBuildFile; fileRef = 7802DC042267BEE400F6682F /* Movie.swift */; };
		7802DC072267BF1000F6682F /* Genre.swift in Sources */ = {isa = PBXBuildFile; fileRef = 7802DC062267BF1000F6682F /* Genre.swift */; };
		7802DC152267EC9300F6682F /* MovieAppTests.swift in Sources */ = {isa = PBXBuildFile; fileRef = 7802DC142267EC9300F6682F /* MovieAppTests.swift */; };
		7802DC1E2267EF9100F6682F /* RequestProtocol.swift in Sources */ = {isa = PBXBuildFile; fileRef = 7802DC1D2267EF9100F6682F /* RequestProtocol.swift */; };
		7802DC222268147700F6682F /* HTTPRequest.swift in Sources */ = {isa = PBXBuildFile; fileRef = 7802DC212268147700F6682F /* HTTPRequest.swift */; };
		7802DC2822681B1900F6682F /* MockedDataHelper.swift in Sources */ = {isa = PBXBuildFile; fileRef = 7802DC2722681B1900F6682F /* MockedDataHelper.swift */; };
		7802DC2A2268217900F6682F /* movie.json in Resources */ = {isa = PBXBuildFile; fileRef = 7802DC292268217900F6682F /* movie.json */; };
		78199A2322832D32009FC9CE /* MockedRequest.swift in Sources */ = {isa = PBXBuildFile; fileRef = 78199A2222832D32009FC9CE /* MockedRequest.swift */; };
		78199A2622833433009FC9CE /* HTTPHeaders.swift in Sources */ = {isa = PBXBuildFile; fileRef = 78199A2522833432009FC9CE /* HTTPHeaders.swift */; };
		781BB2D1226DFB6A0031ADA6 /* HomeViewController.swift in Sources */ = {isa = PBXBuildFile; fileRef = 781BB2D0226DFB6A0031ADA6 /* HomeViewController.swift */; };
		781BB2D3226DFB760031ADA6 /* HomeCoordinator.swift in Sources */ = {isa = PBXBuildFile; fileRef = 781BB2D2226DFB760031ADA6 /* HomeCoordinator.swift */; };
		781BB2D5226DFB850031ADA6 /* HomeViewModel.swift in Sources */ = {isa = PBXBuildFile; fileRef = 781BB2D4226DFB850031ADA6 /* HomeViewModel.swift */; };
		781BB2D8226DFC180031ADA6 /* ApplicationCoordinator.swift in Sources */ = {isa = PBXBuildFile; fileRef = 781BB2D7226DFC180031ADA6 /* ApplicationCoordinator.swift */; };
		787F0F012286068A00EFB108 /* HomeView.swift in Sources */ = {isa = PBXBuildFile; fileRef = 787F0F002286068A00EFB108 /* HomeView.swift */; };
		787F0F0322860A0100EFB108 /* PopularViewModel.swift in Sources */ = {isa = PBXBuildFile; fileRef = 787F0F0222860A0100EFB108 /* PopularViewModel.swift */; };
		787F0F072289A6EA00EFB108 /* PopularCollectionViewCell.swift in Sources */ = {isa = PBXBuildFile; fileRef = 787F0F062289A6EA00EFB108 /* PopularCollectionViewCell.swift */; };
		787F0F092289D67200EFB108 /* DetailCoordinator.swift in Sources */ = {isa = PBXBuildFile; fileRef = 787F0F082289D67200EFB108 /* DetailCoordinator.swift */; };
		787F0F0B2289D68900EFB108 /* DetailViewModel.swift in Sources */ = {isa = PBXBuildFile; fileRef = 787F0F0A2289D68900EFB108 /* DetailViewModel.swift */; };
		787F0F0D2289D69400EFB108 /* DetailViewController.swift in Sources */ = {isa = PBXBuildFile; fileRef = 787F0F0C2289D69400EFB108 /* DetailViewController.swift */; };
		787F0F0F2289D6A400EFB108 /* DetailView.swift in Sources */ = {isa = PBXBuildFile; fileRef = 787F0F0E2289D6A400EFB108 /* DetailView.swift */; };
		788CC0122289EFBA00A35A12 /* SearchCoordinator.swift in Sources */ = {isa = PBXBuildFile; fileRef = 788CC0112289EFBA00A35A12 /* SearchCoordinator.swift */; };
		788CC018228C628A00A35A12 /* SearchViewModel.swift in Sources */ = {isa = PBXBuildFile; fileRef = 788CC017228C628A00A35A12 /* SearchViewModel.swift */; };
		788CC01A228C62AD00A35A12 /* SearchViewController.swift in Sources */ = {isa = PBXBuildFile; fileRef = 788CC019228C62AD00A35A12 /* SearchViewController.swift */; };
		788CC01C228C62CB00A35A12 /* SearchView.swift in Sources */ = {isa = PBXBuildFile; fileRef = 788CC01B228C62CB00A35A12 /* SearchView.swift */; };
		788CC020228C64B500A35A12 /* search.json in Resources */ = {isa = PBXBuildFile; fileRef = 788CC01F228C64B500A35A12 /* search.json */; };
		788CC023228C889600A35A12 /* ResultView.swift in Sources */ = {isa = PBXBuildFile; fileRef = 788CC022228C889600A35A12 /* ResultView.swift */; };
		788CC025228C88B800A35A12 /* ResultViewModel.swift in Sources */ = {isa = PBXBuildFile; fileRef = 788CC024228C88B800A35A12 /* ResultViewModel.swift */; };
		788CC027228C88C500A35A12 /* ResultCollectionViewCell.swift in Sources */ = {isa = PBXBuildFile; fileRef = 788CC026228C88C500A35A12 /* ResultCollectionViewCell.swift */; };
		788CC02E228E0E0F00A35A12 /* PopularCollectionViewModel.swift in Sources */ = {isa = PBXBuildFile; fileRef = 788CC02D228E0E0F00A35A12 /* PopularCollectionViewModel.swift */; };
		788CC032228E11E300A35A12 /* PopularTableViewCell.swift in Sources */ = {isa = PBXBuildFile; fileRef = 788CC031228E11E300A35A12 /* PopularTableViewCell.swift */; };
		78F1839722792E1A001FAFF5 /* Quality.swift in Sources */ = {isa = PBXBuildFile; fileRef = 78F1839622792E1A001FAFF5 /* Quality.swift */; };
		78F1839B227B4EC8001FAFF5 /* popular.json in Resources */ = {isa = PBXBuildFile; fileRef = 78F1839A227B4EC8001FAFF5 /* popular.json */; };
		78F1839D227B4F2D001FAFF5 /* MoviePage.swift in Sources */ = {isa = PBXBuildFile; fileRef = 78F1839C227B4F2D001FAFF5 /* MoviePage.swift */; };
		78F183A3227B6A1C001FAFF5 /* PopularView.swift in Sources */ = {isa = PBXBuildFile; fileRef = 78F183A2227B6A1C001FAFF5 /* PopularView.swift */; };
		78F183A5227B93EB001FAFF5 /* SnapKit.framework in Frameworks */ = {isa = PBXBuildFile; fileRef = 78F183A4227B93EB001FAFF5 /* SnapKit.framework */; };
/* End PBXBuildFile section */

/* Begin PBXContainerItemProxy section */
		7802DC172267EC9300F6682F /* PBXContainerItemProxy */ = {
			isa = PBXContainerItemProxy;
			containerPortal = 7802DB862264178E00F6682F /* Project object */;
			proxyType = 1;
			remoteGlobalIDString = 7802DB8D2264178E00F6682F;
			remoteInfo = MovieApp;
		};
/* End PBXContainerItemProxy section */

/* Begin PBXFileReference section */
		7802DB8E2264178E00F6682F /* MovieApp.app */ = {isa = PBXFileReference; explicitFileType = wrapper.application; includeInIndex = 0; path = MovieApp.app; sourceTree = BUILT_PRODUCTS_DIR; };
		7802DB912264178E00F6682F /* AppDelegate.swift */ = {isa = PBXFileReference; lastKnownFileType = sourcecode.swift; path = AppDelegate.swift; sourceTree = "<group>"; };
		7802DB982264179100F6682F /* Assets.xcassets */ = {isa = PBXFileReference; lastKnownFileType = folder.assetcatalog; path = Assets.xcassets; sourceTree = "<group>"; };
		7802DB9B2264179100F6682F /* Base */ = {isa = PBXFileReference; lastKnownFileType = file.storyboard; name = Base; path = Base.lproj/LaunchScreen.storyboard; sourceTree = "<group>"; };
		7802DB9D2264179100F6682F /* Development.plist */ = {isa = PBXFileReference; lastKnownFileType = text.plist.xml; path = Development.plist; sourceTree = "<group>"; };
		7802DBA42266680F00F6682F /* SDWebImageMapKit.framework */ = {isa = PBXFileReference; lastKnownFileType = wrapper.framework; name = SDWebImageMapKit.framework; path = Carthage/Build/iOS/SDWebImageMapKit.framework; sourceTree = "<group>"; };
		7802DBA52266680F00F6682F /* SDWebImage.framework */ = {isa = PBXFileReference; lastKnownFileType = wrapper.framework; name = SDWebImage.framework; path = Carthage/Build/iOS/SDWebImage.framework; sourceTree = "<group>"; };
		7802DBB72266A64900F6682F /* pt-BR */ = {isa = PBXFileReference; lastKnownFileType = text.plist.strings; name = "pt-BR"; path = "pt-BR.lproj/LaunchScreen.strings"; sourceTree = "<group>"; };
		7802DBB92266A66E00F6682F /* pt-BR */ = {isa = PBXFileReference; lastKnownFileType = text.plist.strings; name = "pt-BR"; path = "pt-BR.lproj/Portuguese.strings"; sourceTree = "<group>"; };
		7802DBBE2266A68F00F6682F /* en */ = {isa = PBXFileReference; lastKnownFileType = text.plist.strings; name = en; path = en.lproj/English.strings; sourceTree = "<group>"; };
		7802DBC52266A9C400F6682F /* Production.xcconfig */ = {isa = PBXFileReference; lastKnownFileType = text.xcconfig; path = Production.xcconfig; sourceTree = "<group>"; };
		7802DBC62266A9DC00F6682F /* Development.xcconfig */ = {isa = PBXFileReference; lastKnownFileType = text.xcconfig; path = Development.xcconfig; sourceTree = "<group>"; };
		7802DBC72266AC7B00F6682F /* Production.plist */ = {isa = PBXFileReference; fileEncoding = 4; lastKnownFileType = text.plist.xml; path = Production.plist; sourceTree = "<group>"; };
		7802DBC92266B05900F6682F /* Configuration.swift */ = {isa = PBXFileReference; lastKnownFileType = sourcecode.swift; path = Configuration.swift; sourceTree = "<group>"; };
		7802DBCB22676F6100F6682F /* Coordinator.swift */ = {isa = PBXFileReference; lastKnownFileType = sourcecode.swift; path = Coordinator.swift; sourceTree = "<group>"; };
		7802DBD72267744D00F6682F /* Staging.xcconfig */ = {isa = PBXFileReference; lastKnownFileType = text.xcconfig; path = Staging.xcconfig; sourceTree = "<group>"; };
		7802DBDB22677DAC00F6682F /* Staging.plist */ = {isa = PBXFileReference; fileEncoding = 4; lastKnownFileType = text.plist.xml; path = Staging.plist; sourceTree = "<group>"; };
		7802DBDD226789B100F6682F /* EndPointProtocol.swift */ = {isa = PBXFileReference; lastKnownFileType = sourcecode.swift; path = EndPointProtocol.swift; sourceTree = "<group>"; };
		7802DBE122678A2500F6682F /* HTTPMethod.swift */ = {isa = PBXFileReference; lastKnownFileType = sourcecode.swift; path = HTTPMethod.swift; sourceTree = "<group>"; };
		7802DBE322678A8700F6682F /* HTTPParameters.swift */ = {isa = PBXFileReference; lastKnownFileType = sourcecode.swift; path = HTTPParameters.swift; sourceTree = "<group>"; };
		7802DBE522678AEE00F6682F /* Parameters.swift */ = {isa = PBXFileReference; lastKnownFileType = sourcecode.swift; path = Parameters.swift; sourceTree = "<group>"; };
		7802DBE722678BAA00F6682F /* ParameterEncoding.swift */ = {isa = PBXFileReference; lastKnownFileType = sourcecode.swift; path = ParameterEncoding.swift; sourceTree = "<group>"; };
		7802DBE922678C0400F6682F /* URLParameterEncoder.swift */ = {isa = PBXFileReference; lastKnownFileType = sourcecode.swift; path = URLParameterEncoder.swift; sourceTree = "<group>"; };
		7802DBEB22678D1B00F6682F /* ParameterEncoderProtocol.swift */ = {isa = PBXFileReference; lastKnownFileType = sourcecode.swift; path = ParameterEncoderProtocol.swift; sourceTree = "<group>"; };
		7802DBED22678DB500F6682F /* NetworkError.swift */ = {isa = PBXFileReference; lastKnownFileType = sourcecode.swift; path = NetworkError.swift; sourceTree = "<group>"; };
		7802DBEF22678E5F00F6682F /* JSONParameterEncoder.swift */ = {isa = PBXFileReference; lastKnownFileType = sourcecode.swift; path = JSONParameterEncoder.swift; sourceTree = "<group>"; };
		7802DBF1226794B300F6682F /* NetworkRouter.swift */ = {isa = PBXFileReference; lastKnownFileType = sourcecode.swift; path = NetworkRouter.swift; sourceTree = "<group>"; };
		7802DBF32267950C00F6682F /* NetworkLoggerProtocol.swift */ = {isa = PBXFileReference; lastKnownFileType = sourcecode.swift; path = NetworkLoggerProtocol.swift; sourceTree = "<group>"; };
		7802DBF62267A78C00F6682F /* MovieAPIManager.swift */ = {isa = PBXFileReference; lastKnownFileType = sourcecode.swift; path = MovieAPIManager.swift; sourceTree = "<group>"; };
		7802DBF82267A7AC00F6682F /* MovieAPIEndPoint.swift */ = {isa = PBXFileReference; lastKnownFileType = sourcecode.swift; path = MovieAPIEndPoint.swift; sourceTree = "<group>"; };
		7802DBFE2267B03500F6682F /* ServiceStatus.swift */ = {isa = PBXFileReference; lastKnownFileType = sourcecode.swift; path = ServiceStatus.swift; sourceTree = "<group>"; };
		7802DC012267B05200F6682F /* ServiceResponse.swift */ = {isa = PBXFileReference; lastKnownFileType = sourcecode.swift; path = ServiceResponse.swift; sourceTree = "<group>"; };
		7802DC042267BEE400F6682F /* Movie.swift */ = {isa = PBXFileReference; lastKnownFileType = sourcecode.swift; path = Movie.swift; sourceTree = "<group>"; };
		7802DC062267BF1000F6682F /* Genre.swift */ = {isa = PBXFileReference; lastKnownFileType = sourcecode.swift; path = Genre.swift; sourceTree = "<group>"; };
		7802DC122267EC9300F6682F /* MovieAppTests.xctest */ = {isa = PBXFileReference; explicitFileType = wrapper.cfbundle; includeInIndex = 0; path = MovieAppTests.xctest; sourceTree = BUILT_PRODUCTS_DIR; };
		7802DC142267EC9300F6682F /* MovieAppTests.swift */ = {isa = PBXFileReference; lastKnownFileType = sourcecode.swift; path = MovieAppTests.swift; sourceTree = "<group>"; };
		7802DC162267EC9300F6682F /* Info.plist */ = {isa = PBXFileReference; lastKnownFileType = text.plist.xml; path = Info.plist; sourceTree = "<group>"; };
		7802DC1D2267EF9100F6682F /* RequestProtocol.swift */ = {isa = PBXFileReference; lastKnownFileType = sourcecode.swift; path = RequestProtocol.swift; sourceTree = "<group>"; };
		7802DC212268147700F6682F /* HTTPRequest.swift */ = {isa = PBXFileReference; lastKnownFileType = sourcecode.swift; path = HTTPRequest.swift; sourceTree = "<group>"; };
		7802DC2722681B1900F6682F /* MockedDataHelper.swift */ = {isa = PBXFileReference; lastKnownFileType = sourcecode.swift; path = MockedDataHelper.swift; sourceTree = "<group>"; };
		7802DC292268217900F6682F /* movie.json */ = {isa = PBXFileReference; lastKnownFileType = text.json; path = movie.json; sourceTree = "<group>"; };
		78199A2222832D32009FC9CE /* MockedRequest.swift */ = {isa = PBXFileReference; fileEncoding = 4; lastKnownFileType = sourcecode.swift; path = MockedRequest.swift; sourceTree = "<group>"; };
		78199A2522833432009FC9CE /* HTTPHeaders.swift */ = {isa = PBXFileReference; fileEncoding = 4; lastKnownFileType = sourcecode.swift; path = HTTPHeaders.swift; sourceTree = "<group>"; };
		781BB2D0226DFB6A0031ADA6 /* HomeViewController.swift */ = {isa = PBXFileReference; lastKnownFileType = sourcecode.swift; path = HomeViewController.swift; sourceTree = "<group>"; };
		781BB2D2226DFB760031ADA6 /* HomeCoordinator.swift */ = {isa = PBXFileReference; lastKnownFileType = sourcecode.swift; path = HomeCoordinator.swift; sourceTree = "<group>"; };
		781BB2D4226DFB850031ADA6 /* HomeViewModel.swift */ = {isa = PBXFileReference; lastKnownFileType = sourcecode.swift; path = HomeViewModel.swift; sourceTree = "<group>"; };
		781BB2D7226DFC180031ADA6 /* ApplicationCoordinator.swift */ = {isa = PBXFileReference; lastKnownFileType = sourcecode.swift; path = ApplicationCoordinator.swift; sourceTree = "<group>"; };
		787F0F002286068A00EFB108 /* HomeView.swift */ = {isa = PBXFileReference; lastKnownFileType = sourcecode.swift; path = HomeView.swift; sourceTree = "<group>"; };
		787F0F0222860A0100EFB108 /* PopularViewModel.swift */ = {isa = PBXFileReference; lastKnownFileType = sourcecode.swift; path = PopularViewModel.swift; sourceTree = "<group>"; };
		787F0F062289A6EA00EFB108 /* PopularCollectionViewCell.swift */ = {isa = PBXFileReference; lastKnownFileType = sourcecode.swift; path = PopularCollectionViewCell.swift; sourceTree = "<group>"; };
		787F0F082289D67200EFB108 /* DetailCoordinator.swift */ = {isa = PBXFileReference; lastKnownFileType = sourcecode.swift; path = DetailCoordinator.swift; sourceTree = "<group>"; };
		787F0F0A2289D68900EFB108 /* DetailViewModel.swift */ = {isa = PBXFileReference; lastKnownFileType = sourcecode.swift; path = DetailViewModel.swift; sourceTree = "<group>"; };
		787F0F0C2289D69400EFB108 /* DetailViewController.swift */ = {isa = PBXFileReference; lastKnownFileType = sourcecode.swift; path = DetailViewController.swift; sourceTree = "<group>"; };
		787F0F0E2289D6A400EFB108 /* DetailView.swift */ = {isa = PBXFileReference; lastKnownFileType = sourcecode.swift; path = DetailView.swift; sourceTree = "<group>"; };
		788CC0112289EFBA00A35A12 /* SearchCoordinator.swift */ = {isa = PBXFileReference; lastKnownFileType = sourcecode.swift; path = SearchCoordinator.swift; sourceTree = "<group>"; };
		788CC017228C628A00A35A12 /* SearchViewModel.swift */ = {isa = PBXFileReference; lastKnownFileType = sourcecode.swift; path = SearchViewModel.swift; sourceTree = "<group>"; };
		788CC019228C62AD00A35A12 /* SearchViewController.swift */ = {isa = PBXFileReference; lastKnownFileType = sourcecode.swift; path = SearchViewController.swift; sourceTree = "<group>"; };
		788CC01B228C62CB00A35A12 /* SearchView.swift */ = {isa = PBXFileReference; lastKnownFileType = sourcecode.swift; path = SearchView.swift; sourceTree = "<group>"; };
		788CC01F228C64B500A35A12 /* search.json */ = {isa = PBXFileReference; lastKnownFileType = text.json; path = search.json; sourceTree = "<group>"; };
		788CC022228C889600A35A12 /* ResultView.swift */ = {isa = PBXFileReference; lastKnownFileType = sourcecode.swift; path = ResultView.swift; sourceTree = "<group>"; };
		788CC024228C88B800A35A12 /* ResultViewModel.swift */ = {isa = PBXFileReference; lastKnownFileType = sourcecode.swift; path = ResultViewModel.swift; sourceTree = "<group>"; };
		788CC026228C88C500A35A12 /* ResultCollectionViewCell.swift */ = {isa = PBXFileReference; lastKnownFileType = sourcecode.swift; path = ResultCollectionViewCell.swift; sourceTree = "<group>"; };
		788CC02D228E0E0F00A35A12 /* PopularCollectionViewModel.swift */ = {isa = PBXFileReference; lastKnownFileType = sourcecode.swift; path = PopularCollectionViewModel.swift; sourceTree = "<group>"; };
		788CC031228E11E300A35A12 /* PopularTableViewCell.swift */ = {isa = PBXFileReference; lastKnownFileType = sourcecode.swift; path = PopularTableViewCell.swift; sourceTree = "<group>"; };
		78F1839622792E1A001FAFF5 /* Quality.swift */ = {isa = PBXFileReference; lastKnownFileType = sourcecode.swift; path = Quality.swift; sourceTree = "<group>"; };
		78F1839A227B4EC8001FAFF5 /* popular.json */ = {isa = PBXFileReference; lastKnownFileType = text.json; path = popular.json; sourceTree = "<group>"; };
		78F1839C227B4F2D001FAFF5 /* MoviePage.swift */ = {isa = PBXFileReference; lastKnownFileType = sourcecode.swift; path = MoviePage.swift; sourceTree = "<group>"; };
		78F183A2227B6A1C001FAFF5 /* PopularView.swift */ = {isa = PBXFileReference; lastKnownFileType = sourcecode.swift; path = PopularView.swift; sourceTree = "<group>"; };
		78F183A4227B93EB001FAFF5 /* SnapKit.framework */ = {isa = PBXFileReference; lastKnownFileType = wrapper.framework; name = SnapKit.framework; path = Carthage/Build/iOS/SnapKit.framework; sourceTree = "<group>"; };
/* End PBXFileReference section */

/* Begin PBXFrameworksBuildPhase section */
		7802DB8B2264178E00F6682F /* Frameworks */ = {
			isa = PBXFrameworksBuildPhase;
			buildActionMask = 2147483647;
			files = (
				78F183A5227B93EB001FAFF5 /* SnapKit.framework in Frameworks */,
				7802DBA62266680F00F6682F /* SDWebImageMapKit.framework in Frameworks */,
				7802DBA72266680F00F6682F /* SDWebImage.framework in Frameworks */,
			);
			runOnlyForDeploymentPostprocessing = 0;
		};
		7802DC0F2267EC9300F6682F /* Frameworks */ = {
			isa = PBXFrameworksBuildPhase;
			buildActionMask = 2147483647;
			files = (
			);
			runOnlyForDeploymentPostprocessing = 0;
		};
/* End PBXFrameworksBuildPhase section */

/* Begin PBXGroup section */
		7802DB852264178E00F6682F = {
			isa = PBXGroup;
			children = (
				7802DB902264178E00F6682F /* MovieApp */,
				7802DC132267EC9300F6682F /* MovieAppTests */,
				7802DB8F2264178E00F6682F /* Products */,
				7802DBA32266680F00F6682F /* Frameworks */,
			);
			sourceTree = "<group>";
		};
		7802DB8F2264178E00F6682F /* Products */ = {
			isa = PBXGroup;
			children = (
				7802DB8E2264178E00F6682F /* MovieApp.app */,
				7802DC122267EC9300F6682F /* MovieAppTests.xctest */,
			);
			name = Products;
			sourceTree = "<group>";
		};
		7802DB902264178E00F6682F /* MovieApp */ = {
			isa = PBXGroup;
			children = (
				7802DBB22266A54700F6682F /* Resources */,
				7802DBCE226771DD00F6682F /* Network */,
				7802DBAA22668DC900F6682F /* Application */,
				7802DBAC2266A15500F6682F /* Global */,
				7802DBAB22668DD200F6682F /* Scenes */,
			);
			path = MovieApp;
			sourceTree = "<group>";
		};
		7802DBA32266680F00F6682F /* Frameworks */ = {
			isa = PBXGroup;
			children = (
				78F183A4227B93EB001FAFF5 /* SnapKit.framework */,
				7802DBA52266680F00F6682F /* SDWebImage.framework */,
				7802DBA42266680F00F6682F /* SDWebImageMapKit.framework */,
			);
			name = Frameworks;
			sourceTree = "<group>";
		};
		7802DBAA22668DC900F6682F /* Application */ = {
			isa = PBXGroup;
			children = (
				7802DBC42266A99000F6682F /* Configuration */,
				7802DB9A2264179100F6682F /* LaunchScreen.storyboard */,
				7802DB912264178E00F6682F /* AppDelegate.swift */,
				781BB2D7226DFC180031ADA6 /* ApplicationCoordinator.swift */,
			);
			path = Application;
			sourceTree = "<group>";
		};
		7802DBAB22668DD200F6682F /* Scenes */ = {
			isa = PBXGroup;
			children = (
				7802DBAF2266A25C00F6682F /* Home */,
				7802DBB12266A26C00F6682F /* Detail */,
				7802DBB02266A26400F6682F /* Search */,
			);
			path = Scenes;
			sourceTree = "<group>";
		};
		7802DBAC2266A15500F6682F /* Global */ = {
			isa = PBXGroup;
			children = (
				7802DBAE2266A1A700F6682F /* Components */,
				7802DBAD2266A18A00F6682F /* Coordinator */,
			);
			path = Global;
			sourceTree = "<group>";
		};
		7802DBAD2266A18A00F6682F /* Coordinator */ = {
			isa = PBXGroup;
			children = (
				7802DBCB22676F6100F6682F /* Coordinator.swift */,
			);
			path = Coordinator;
			sourceTree = "<group>";
		};
		7802DBAE2266A1A700F6682F /* Components */ = {
			isa = PBXGroup;
			children = (
			);
			path = Components;
			sourceTree = "<group>";
		};
		7802DBAF2266A25C00F6682F /* Home */ = {
			isa = PBXGroup;
			children = (
				787F0F052286216700EFB108 /* Components */,
				781BB2D2226DFB760031ADA6 /* HomeCoordinator.swift */,
				781BB2D4226DFB850031ADA6 /* HomeViewModel.swift */,
				781BB2D0226DFB6A0031ADA6 /* HomeViewController.swift */,
				787F0F002286068A00EFB108 /* HomeView.swift */,
			);
			path = Home;
			sourceTree = "<group>";
		};
		7802DBB02266A26400F6682F /* Search */ = {
			isa = PBXGroup;
			children = (
				788CC021228C861C00A35A12 /* ResultCell */,
				788CC0112289EFBA00A35A12 /* SearchCoordinator.swift */,
				788CC017228C628A00A35A12 /* SearchViewModel.swift */,
				788CC019228C62AD00A35A12 /* SearchViewController.swift */,
				788CC01B228C62CB00A35A12 /* SearchView.swift */,
			);
			path = Search;
			sourceTree = "<group>";
		};
		7802DBB12266A26C00F6682F /* Detail */ = {
			isa = PBXGroup;
			children = (
				787F0F082289D67200EFB108 /* DetailCoordinator.swift */,
				787F0F0A2289D68900EFB108 /* DetailViewModel.swift */,
				787F0F0C2289D69400EFB108 /* DetailViewController.swift */,
				787F0F0E2289D6A400EFB108 /* DetailView.swift */,
			);
			path = Detail;
			sourceTree = "<group>";
		};
		7802DBB22266A54700F6682F /* Resources */ = {
			isa = PBXGroup;
			children = (
				7802DBB62266A62800F6682F /* Languages */,
				7802DB982264179100F6682F /* Assets.xcassets */,
			);
			path = Resources;
			sourceTree = "<group>";
		};
		7802DBB62266A62800F6682F /* Languages */ = {
			isa = PBXGroup;
			children = (
				7802DBBA2266A66E00F6682F /* Portuguese.strings */,
				7802DBBF2266A68F00F6682F /* English.strings */,
			);
			path = Languages;
			sourceTree = "<group>";
		};
		7802DBC42266A99000F6682F /* Configuration */ = {
			isa = PBXGroup;
			children = (
				7802DBC92266B05900F6682F /* Configuration.swift */,
				7802DBD42267737600F6682F /* Staging */,
				7802DBD32267737000F6682F /* Production */,
				7802DBD22267736300F6682F /* Development */,
			);
			path = Configuration;
			sourceTree = "<group>";
		};
		7802DBCD226771A400F6682F /* EndPoint */ = {
			isa = PBXGroup;
			children = (
				7802DBF52267A76500F6682F /* Movie */,
			);
			path = EndPoint;
			sourceTree = "<group>";
		};
		7802DBCE226771DD00F6682F /* Network */ = {
			isa = PBXGroup;
			children = (
				7802DBCD226771A400F6682F /* EndPoint */,
				7802DBCF226771EF00F6682F /* Encoding */,
				7802DC2622681B0A00F6682F /* Helper */,
				7802DC202268141500F6682F /* Request */,
			);
			path = Network;
			sourceTree = "<group>";
		};
		7802DBCF226771EF00F6682F /* Encoding */ = {
			isa = PBXGroup;
			children = (
				7802DBE522678AEE00F6682F /* Parameters.swift */,
				7802DBEB22678D1B00F6682F /* ParameterEncoderProtocol.swift */,
				7802DBE922678C0400F6682F /* URLParameterEncoder.swift */,
				7802DBEF22678E5F00F6682F /* JSONParameterEncoder.swift */,
				7802DBE722678BAA00F6682F /* ParameterEncoding.swift */,
			);
			path = Encoding;
			sourceTree = "<group>";
		};
		7802DBD22267736300F6682F /* Development */ = {
			isa = PBXGroup;
			children = (
				7802DB9D2264179100F6682F /* Development.plist */,
				7802DBC62266A9DC00F6682F /* Development.xcconfig */,
			);
			path = Development;
			sourceTree = "<group>";
		};
		7802DBD32267737000F6682F /* Production */ = {
			isa = PBXGroup;
			children = (
				7802DBC72266AC7B00F6682F /* Production.plist */,
				7802DBC52266A9C400F6682F /* Production.xcconfig */,
			);
			path = Production;
			sourceTree = "<group>";
		};
		7802DBD42267737600F6682F /* Staging */ = {
			isa = PBXGroup;
			children = (
				7802DBDB22677DAC00F6682F /* Staging.plist */,
				7802DBD72267744D00F6682F /* Staging.xcconfig */,
			);
			path = Staging;
			sourceTree = "<group>";
		};
		7802DBF52267A76500F6682F /* Movie */ = {
			isa = PBXGroup;
			children = (
				78F1839522792E0F001FAFF5 /* Enum */,
				7802DC232268149E00F6682F /* Mock */,
				7802DC032267BED700F6682F /* Model */,
				7802DBF82267A7AC00F6682F /* MovieAPIEndPoint.swift */,
				7802DBF62267A78C00F6682F /* MovieAPIManager.swift */,
			);
			path = Movie;
			sourceTree = "<group>";
		};
		7802DC032267BED700F6682F /* Model */ = {
			isa = PBXGroup;
			children = (
				7802DC042267BEE400F6682F /* Movie.swift */,
				7802DC062267BF1000F6682F /* Genre.swift */,
				78F1839C227B4F2D001FAFF5 /* MoviePage.swift */,
			);
			path = Model;
			sourceTree = "<group>";
		};
		7802DC132267EC9300F6682F /* MovieAppTests */ = {
			isa = PBXGroup;
			children = (
				7802DC142267EC9300F6682F /* MovieAppTests.swift */,
				7802DC162267EC9300F6682F /* Info.plist */,
			);
			path = MovieAppTests;
			sourceTree = "<group>";
		};
		7802DC1F226813E200F6682F /* Model */ = {
			isa = PBXGroup;
			children = (
				78199A2522833432009FC9CE /* HTTPHeaders.swift */,
				7802DBED22678DB500F6682F /* NetworkError.swift */,
				7802DBE322678A8700F6682F /* HTTPParameters.swift */,
				7802DBE122678A2500F6682F /* HTTPMethod.swift */,
				7802DC012267B05200F6682F /* ServiceResponse.swift */,
				7802DBFE2267B03500F6682F /* ServiceStatus.swift */,
			);
			path = Model;
			sourceTree = "<group>";
		};
		7802DC202268141500F6682F /* Request */ = {
			isa = PBXGroup;
			children = (
				7802DC1F226813E200F6682F /* Model */,
				78199A2422833393009FC9CE /* Protocol */,
				78199A2222832D32009FC9CE /* MockedRequest.swift */,
				7802DC212268147700F6682F /* HTTPRequest.swift */,
				7802DBF1226794B300F6682F /* NetworkRouter.swift */,
			);
			path = Request;
			sourceTree = "<group>";
		};
		7802DC232268149E00F6682F /* Mock */ = {
			isa = PBXGroup;
			children = (
				7802DC292268217900F6682F /* movie.json */,
				78F1839A227B4EC8001FAFF5 /* popular.json */,
				788CC01F228C64B500A35A12 /* search.json */,
			);
			path = Mock;
			sourceTree = "<group>";
		};
		7802DC2622681B0A00F6682F /* Helper */ = {
			isa = PBXGroup;
			children = (
				7802DC2722681B1900F6682F /* MockedDataHelper.swift */,
			);
			path = Helper;
			sourceTree = "<group>";
		};
		78199A2422833393009FC9CE /* Protocol */ = {
			isa = PBXGroup;
			children = (
				7802DBDD226789B100F6682F /* EndPointProtocol.swift */,
				7802DBF32267950C00F6682F /* NetworkLoggerProtocol.swift */,
				7802DC1D2267EF9100F6682F /* RequestProtocol.swift */,
			);
			path = Protocol;
			sourceTree = "<group>";
		};
		781BB2D6226DFBA10031ADA6 /* Popular */ = {
			isa = PBXGroup;
			children = (
				78F183A2227B6A1C001FAFF5 /* PopularView.swift */,
				787F0F0222860A0100EFB108 /* PopularViewModel.swift */,
				787F0F062289A6EA00EFB108 /* PopularCollectionViewCell.swift */,
				788CC02D228E0E0F00A35A12 /* PopularCollectionViewModel.swift */,
				788CC031228E11E300A35A12 /* PopularTableViewCell.swift */,
			);
			path = Popular;
			sourceTree = "<group>";
		};
		787F0F052286216700EFB108 /* Components */ = {
			isa = PBXGroup;
			children = (
				781BB2D6226DFBA10031ADA6 /* Popular */,
			);
			path = Components;
			sourceTree = "<group>";
		};
		788CC021228C861C00A35A12 /* ResultCell */ = {
			isa = PBXGroup;
			children = (
				788CC022228C889600A35A12 /* ResultView.swift */,
				788CC024228C88B800A35A12 /* ResultViewModel.swift */,
				788CC026228C88C500A35A12 /* ResultCollectionViewCell.swift */,
			);
			path = ResultCell;
			sourceTree = "<group>";
		};
		78F1839522792E0F001FAFF5 /* Enum */ = {
			isa = PBXGroup;
			children = (
				78F1839622792E1A001FAFF5 /* Quality.swift */,
			);
			path = Enum;
			sourceTree = "<group>";
		};
/* End PBXGroup section */

/* Begin PBXNativeTarget section */
		7802DB8D2264178E00F6682F /* MovieApp */ = {
			isa = PBXNativeTarget;
			buildConfigurationList = 7802DBA02264179100F6682F /* Build configuration list for PBXNativeTarget "MovieApp" */;
			buildPhases = (
				7802DB8A2264178E00F6682F /* Sources */,
				7802DB8B2264178E00F6682F /* Frameworks */,
				7802DB8C2264178E00F6682F /* Resources */,
				7802DBA82266687800F6682F /* ShellScript */,
			);
			buildRules = (
			);
			dependencies = (
			);
			name = MovieApp;
			productName = MovieApp;
			productReference = 7802DB8E2264178E00F6682F /* MovieApp.app */;
			productType = "com.apple.product-type.application";
		};
		7802DC112267EC9300F6682F /* MovieAppTests */ = {
			isa = PBXNativeTarget;
			buildConfigurationList = 7802DC192267EC9300F6682F /* Build configuration list for PBXNativeTarget "MovieAppTests" */;
			buildPhases = (
				7802DC0E2267EC9300F6682F /* Sources */,
				7802DC0F2267EC9300F6682F /* Frameworks */,
				7802DC102267EC9300F6682F /* Resources */,
			);
			buildRules = (
			);
			dependencies = (
				7802DC182267EC9300F6682F /* PBXTargetDependency */,
			);
			name = MovieAppTests;
			productName = MovieAppTests;
			productReference = 7802DC122267EC9300F6682F /* MovieAppTests.xctest */;
			productType = "com.apple.product-type.bundle.unit-test";
		};
/* End PBXNativeTarget section */

/* Begin PBXProject section */
		7802DB862264178E00F6682F /* Project object */ = {
			isa = PBXProject;
			attributes = {
				LastSwiftUpdateCheck = 1020;
				LastUpgradeCheck = 1020;
				ORGANIZATIONNAME = "Igor Gomes Arantes";
				TargetAttributes = {
					7802DB8D2264178E00F6682F = {
						CreatedOnToolsVersion = 10.2;
					};
					7802DC112267EC9300F6682F = {
						CreatedOnToolsVersion = 10.2;
						TestTargetID = 7802DB8D2264178E00F6682F;
					};
				};
			};
			buildConfigurationList = 7802DB892264178E00F6682F /* Build configuration list for PBXProject "MovieApp" */;
			compatibilityVersion = "Xcode 9.3";
			developmentRegion = en;
			hasScannedForEncodings = 0;
			knownRegions = (
				en,
				Base,
				"pt-BR",
			);
			mainGroup = 7802DB852264178E00F6682F;
			productRefGroup = 7802DB8F2264178E00F6682F /* Products */;
			projectDirPath = "";
			projectRoot = "";
			targets = (
				7802DB8D2264178E00F6682F /* MovieApp */,
				7802DC112267EC9300F6682F /* MovieAppTests */,
			);
		};
/* End PBXProject section */

/* Begin PBXResourcesBuildPhase section */
		7802DB8C2264178E00F6682F /* Resources */ = {
			isa = PBXResourcesBuildPhase;
			buildActionMask = 2147483647;
			files = (
				7802DB9C2264179100F6682F /* LaunchScreen.storyboard in Resources */,
				788CC020228C64B500A35A12 /* search.json in Resources */,
				78F1839B227B4EC8001FAFF5 /* popular.json in Resources */,
				7802DBBD2266A68F00F6682F /* English.strings in Resources */,
				7802DC2A2268217900F6682F /* movie.json in Resources */,
				7802DBB82266A66E00F6682F /* Portuguese.strings in Resources */,
				7802DB992264179100F6682F /* Assets.xcassets in Resources */,
			);
			runOnlyForDeploymentPostprocessing = 0;
		};
		7802DC102267EC9300F6682F /* Resources */ = {
			isa = PBXResourcesBuildPhase;
			buildActionMask = 2147483647;
			files = (
			);
			runOnlyForDeploymentPostprocessing = 0;
		};
/* End PBXResourcesBuildPhase section */

/* Begin PBXShellScriptBuildPhase section */
		7802DBA82266687800F6682F /* ShellScript */ = {
			isa = PBXShellScriptBuildPhase;
			buildActionMask = 2147483647;
			files = (
			);
			inputFileListPaths = (
			);
			inputPaths = (
				"$(SRCROOT)/Carthage/Build/iOS/SDWebImage.framework",
				"$(SRCROOT)/Carthage/Build/iOS/SDWebImageMapKit.framework",
				"$(SRCROOT)/Carthage/Build/iOS/SnapKit.framework",
			);
			outputFileListPaths = (
			);
			outputPaths = (
			);
			runOnlyForDeploymentPostprocessing = 0;
			shellPath = /bin/sh;
			shellScript = "/usr/local/bin/carthage copy-frameworks\n\n";
		};
/* End PBXShellScriptBuildPhase section */

/* Begin PBXSourcesBuildPhase section */
		7802DB8A2264178E00F6682F /* Sources */ = {
			isa = PBXSourcesBuildPhase;
			buildActionMask = 2147483647;
			files = (
				7802DBF42267950C00F6682F /* NetworkLoggerProtocol.swift in Sources */,
				788CC025228C88B800A35A12 /* ResultViewModel.swift in Sources */,
				7802DBEA22678C0400F6682F /* URLParameterEncoder.swift in Sources */,
				7802DBE422678A8700F6682F /* HTTPParameters.swift in Sources */,
				7802DC072267BF1000F6682F /* Genre.swift in Sources */,
				7802DBDE226789B100F6682F /* EndPointProtocol.swift in Sources */,
				78F1839D227B4F2D001FAFF5 /* MoviePage.swift in Sources */,
				7802DB922264178E00F6682F /* AppDelegate.swift in Sources */,
				787F0F0F2289D6A400EFB108 /* DetailView.swift in Sources */,
				7802DC222268147700F6682F /* HTTPRequest.swift in Sources */,
				78199A2622833433009FC9CE /* HTTPHeaders.swift in Sources */,
				7802DBF72267A78C00F6682F /* MovieAPIManager.swift in Sources */,
				788CC018228C628A00A35A12 /* SearchViewModel.swift in Sources */,
				788CC027228C88C500A35A12 /* ResultCollectionViewCell.swift in Sources */,
				7802DBF92267A7AC00F6682F /* MovieAPIEndPoint.swift in Sources */,
				788CC023228C889600A35A12 /* ResultView.swift in Sources */,
				78199A2322832D32009FC9CE /* MockedRequest.swift in Sources */,
				788CC01C228C62CB00A35A12 /* SearchView.swift in Sources */,
				7802DBF022678E5F00F6682F /* JSONParameterEncoder.swift in Sources */,
				7802DC022267B05200F6682F /* ServiceResponse.swift in Sources */,
				7802DC1E2267EF9100F6682F /* RequestProtocol.swift in Sources */,
				7802DBE222678A2500F6682F /* HTTPMethod.swift in Sources */,
				781BB2D8226DFC180031ADA6 /* ApplicationCoordinator.swift in Sources */,
				78F1839722792E1A001FAFF5 /* Quality.swift in Sources */,
				7802DBEC22678D1B00F6682F /* ParameterEncoderProtocol.swift in Sources */,
				781BB2D3226DFB760031ADA6 /* HomeCoordinator.swift in Sources */,
				7802DC2822681B1900F6682F /* MockedDataHelper.swift in Sources */,
				788CC02E228E0E0F00A35A12 /* PopularCollectionViewModel.swift in Sources */,
				787F0F092289D67200EFB108 /* DetailCoordinator.swift in Sources */,
				788CC032228E11E300A35A12 /* PopularTableViewCell.swift in Sources */,
				781BB2D1226DFB6A0031ADA6 /* HomeViewController.swift in Sources */,
				787F0F0322860A0100EFB108 /* PopularViewModel.swift in Sources */,
				7802DBCA2266B05900F6682F /* Configuration.swift in Sources */,
				787F0F0B2289D68900EFB108 /* DetailViewModel.swift in Sources */,
				7802DBCC22676F6100F6682F /* Coordinator.swift in Sources */,
				78F183A3227B6A1C001FAFF5 /* PopularView.swift in Sources */,
				7802DC052267BEE400F6682F /* Movie.swift in Sources */,
				787F0F0D2289D69400EFB108 /* DetailViewController.swift in Sources */,
				7802DBEE22678DB500F6682F /* NetworkError.swift in Sources */,
				787F0F012286068A00EFB108 /* HomeView.swift in Sources */,
				7802DBE822678BAA00F6682F /* ParameterEncoding.swift in Sources */,
				7802DBE622678AEE00F6682F /* Parameters.swift in Sources */,
				788CC01A228C62AD00A35A12 /* SearchViewController.swift in Sources */,
				7802DBF2226794B300F6682F /* NetworkRouter.swift in Sources */,
				788CC0122289EFBA00A35A12 /* SearchCoordinator.swift in Sources */,
				787F0F072289A6EA00EFB108 /* PopularCollectionViewCell.swift in Sources */,
				781BB2D5226DFB850031ADA6 /* HomeViewModel.swift in Sources */,
				7802DBFF2267B03500F6682F /* ServiceStatus.swift in Sources */,
			);
			runOnlyForDeploymentPostprocessing = 0;
		};
		7802DC0E2267EC9300F6682F /* Sources */ = {
			isa = PBXSourcesBuildPhase;
			buildActionMask = 2147483647;
			files = (
				7802DC152267EC9300F6682F /* MovieAppTests.swift in Sources */,
			);
			runOnlyForDeploymentPostprocessing = 0;
		};
/* End PBXSourcesBuildPhase section */

/* Begin PBXTargetDependency section */
		7802DC182267EC9300F6682F /* PBXTargetDependency */ = {
			isa = PBXTargetDependency;
			target = 7802DB8D2264178E00F6682F /* MovieApp */;
			targetProxy = 7802DC172267EC9300F6682F /* PBXContainerItemProxy */;
		};
/* End PBXTargetDependency section */

/* Begin PBXVariantGroup section */
		7802DB9A2264179100F6682F /* LaunchScreen.storyboard */ = {
			isa = PBXVariantGroup;
			children = (
				7802DB9B2264179100F6682F /* Base */,
				7802DBB72266A64900F6682F /* pt-BR */,
			);
			name = LaunchScreen.storyboard;
			sourceTree = "<group>";
		};
		7802DBBA2266A66E00F6682F /* Portuguese.strings */ = {
			isa = PBXVariantGroup;
			children = (
				7802DBB92266A66E00F6682F /* pt-BR */,
			);
			name = Portuguese.strings;
			sourceTree = "<group>";
		};
		7802DBBF2266A68F00F6682F /* English.strings */ = {
			isa = PBXVariantGroup;
			children = (
				7802DBBE2266A68F00F6682F /* en */,
			);
			name = English.strings;
			sourceTree = "<group>";
		};
/* End PBXVariantGroup section */

/* Begin XCBuildConfiguration section */
		7802DB9E2264179100F6682F /* Development */ = {
			isa = XCBuildConfiguration;
			baseConfigurationReference = 7802DBC62266A9DC00F6682F /* Development.xcconfig */;
			buildSettings = {
				ALWAYS_SEARCH_USER_PATHS = NO;
				CLANG_ANALYZER_LOCALIZABILITY_NONLOCALIZED = YES;
				CLANG_ANALYZER_NONNULL = YES;
				CLANG_ANALYZER_NUMBER_OBJECT_CONVERSION = YES_AGGRESSIVE;
				CLANG_CXX_LANGUAGE_STANDARD = "gnu++14";
				CLANG_CXX_LIBRARY = "libc++";
				CLANG_ENABLE_MODULES = YES;
				CLANG_ENABLE_OBJC_ARC = YES;
				CLANG_ENABLE_OBJC_WEAK = YES;
				CLANG_WARN_BLOCK_CAPTURE_AUTORELEASING = YES;
				CLANG_WARN_BOOL_CONVERSION = YES;
				CLANG_WARN_COMMA = YES;
				CLANG_WARN_CONSTANT_CONVERSION = YES;
				CLANG_WARN_DEPRECATED_OBJC_IMPLEMENTATIONS = YES;
				CLANG_WARN_DIRECT_OBJC_ISA_USAGE = YES_ERROR;
				CLANG_WARN_DOCUMENTATION_COMMENTS = YES;
				CLANG_WARN_EMPTY_BODY = YES;
				CLANG_WARN_ENUM_CONVERSION = YES;
				CLANG_WARN_INFINITE_RECURSION = YES;
				CLANG_WARN_INT_CONVERSION = YES;
				CLANG_WARN_NON_LITERAL_NULL_CONVERSION = YES;
				CLANG_WARN_OBJC_IMPLICIT_RETAIN_SELF = YES;
				CLANG_WARN_OBJC_LITERAL_CONVERSION = YES;
				CLANG_WARN_OBJC_ROOT_CLASS = YES_ERROR;
				CLANG_WARN_RANGE_LOOP_ANALYSIS = YES;
				CLANG_WARN_STRICT_PROTOTYPES = YES;
				CLANG_WARN_SUSPICIOUS_MOVE = YES;
				CLANG_WARN_UNGUARDED_AVAILABILITY = YES_AGGRESSIVE;
				CLANG_WARN_UNREACHABLE_CODE = YES;
				CLANG_WARN__DUPLICATE_METHOD_MATCH = YES;
				CODE_SIGN_IDENTITY = "iPhone Developer";
				COPY_PHASE_STRIP = NO;
				DEBUG_INFORMATION_FORMAT = "dwarf-with-dsym";
				ENABLE_NS_ASSERTIONS = NO;
				ENABLE_STRICT_OBJC_MSGSEND = YES;
				ENABLE_TESTABILITY = NO;
				GCC_C_LANGUAGE_STANDARD = gnu11;
				GCC_DYNAMIC_NO_PIC = NO;
				GCC_NO_COMMON_BLOCKS = YES;
				GCC_OPTIMIZATION_LEVEL = 0;
				GCC_PREPROCESSOR_DEFINITIONS = (
					"DEBUG=1",
					"$(inherited)",
				);
				GCC_WARN_64_TO_32_BIT_CONVERSION = YES;
				GCC_WARN_ABOUT_RETURN_TYPE = YES_ERROR;
				GCC_WARN_UNDECLARED_SELECTOR = YES;
				GCC_WARN_UNINITIALIZED_AUTOS = YES_AGGRESSIVE;
				GCC_WARN_UNUSED_FUNCTION = YES;
				GCC_WARN_UNUSED_VARIABLE = YES;
				IPHONEOS_DEPLOYMENT_TARGET = 12.2;
				MTL_ENABLE_DEBUG_INFO = INCLUDE_SOURCE;
				MTL_FAST_MATH = YES;
				ONLY_ACTIVE_ARCH = YES;
				SDKROOT = iphoneos;
				SWIFT_ACTIVE_COMPILATION_CONDITIONS = DEBUG;
				SWIFT_OPTIMIZATION_LEVEL = "-Onone";
			};
			name = Development;
		};
		7802DBA12264179100F6682F /* Development */ = {
			isa = XCBuildConfiguration;
			buildSettings = {
				ASSETCATALOG_COMPILER_APPICON_NAME = AppIcon;
				CODE_SIGN_STYLE = Automatic;
				DEVELOPMENT_TEAM = PNTT39UXP5;
				FRAMEWORK_SEARCH_PATHS = (
					"$(inherited)",
					"$(PROJECT_DIR)/Carthage/Build/iOS",
				);
				INFOPLIST_FILE = "$(SRCROOT)/MovieApp/Application/Configuration/Development/Development.plist";
				LD_RUNPATH_SEARCH_PATHS = (
					"$(inherited)",
					"@executable_path/Frameworks",
				);
				MTL_ENABLE_DEBUG_INFO = NO;
				PRODUCT_BUNDLE_IDENTIFIER = igor.MovieApp;
				PRODUCT_NAME = "$(TARGET_NAME)";
				SWIFT_VERSION = 5.0;
				TARGETED_DEVICE_FAMILY = "1,2";
			};
			name = Development;
		};
		7802DBC22266A79600F6682F /* Production */ = {
			isa = XCBuildConfiguration;
			baseConfigurationReference = 7802DBC52266A9C400F6682F /* Production.xcconfig */;
			buildSettings = {
				ALWAYS_SEARCH_USER_PATHS = NO;
				CLANG_ANALYZER_LOCALIZABILITY_NONLOCALIZED = YES;
				CLANG_ANALYZER_NONNULL = YES;
				CLANG_ANALYZER_NUMBER_OBJECT_CONVERSION = YES_AGGRESSIVE;
				CLANG_CXX_LANGUAGE_STANDARD = "gnu++14";
				CLANG_CXX_LIBRARY = "libc++";
				CLANG_ENABLE_MODULES = YES;
				CLANG_ENABLE_OBJC_ARC = YES;
				CLANG_ENABLE_OBJC_WEAK = YES;
				CLANG_WARN_BLOCK_CAPTURE_AUTORELEASING = YES;
				CLANG_WARN_BOOL_CONVERSION = YES;
				CLANG_WARN_COMMA = YES;
				CLANG_WARN_CONSTANT_CONVERSION = YES;
				CLANG_WARN_DEPRECATED_OBJC_IMPLEMENTATIONS = YES;
				CLANG_WARN_DIRECT_OBJC_ISA_USAGE = YES_ERROR;
				CLANG_WARN_DOCUMENTATION_COMMENTS = YES;
				CLANG_WARN_EMPTY_BODY = YES;
				CLANG_WARN_ENUM_CONVERSION = YES;
				CLANG_WARN_INFINITE_RECURSION = YES;
				CLANG_WARN_INT_CONVERSION = YES;
				CLANG_WARN_NON_LITERAL_NULL_CONVERSION = YES;
				CLANG_WARN_OBJC_IMPLICIT_RETAIN_SELF = YES;
				CLANG_WARN_OBJC_LITERAL_CONVERSION = YES;
				CLANG_WARN_OBJC_ROOT_CLASS = YES_ERROR;
				CLANG_WARN_RANGE_LOOP_ANALYSIS = YES;
				CLANG_WARN_STRICT_PROTOTYPES = YES;
				CLANG_WARN_SUSPICIOUS_MOVE = YES;
				CLANG_WARN_UNGUARDED_AVAILABILITY = YES_AGGRESSIVE;
				CLANG_WARN_UNREACHABLE_CODE = YES;
				CLANG_WARN__DUPLICATE_METHOD_MATCH = YES;
				CODE_SIGN_IDENTITY = "iPhone Developer";
				COPY_PHASE_STRIP = NO;
				DEBUG_INFORMATION_FORMAT = "dwarf-with-dsym";
				ENABLE_NS_ASSERTIONS = NO;
				ENABLE_STRICT_OBJC_MSGSEND = YES;
				GCC_C_LANGUAGE_STANDARD = gnu11;
				GCC_NO_COMMON_BLOCKS = YES;
				GCC_OPTIMIZATION_LEVEL = 0;
				GCC_WARN_64_TO_32_BIT_CONVERSION = YES;
				GCC_WARN_ABOUT_RETURN_TYPE = YES_ERROR;
				GCC_WARN_UNDECLARED_SELECTOR = YES;
				GCC_WARN_UNINITIALIZED_AUTOS = YES_AGGRESSIVE;
				GCC_WARN_UNUSED_FUNCTION = YES;
				GCC_WARN_UNUSED_VARIABLE = YES;
				IPHONEOS_DEPLOYMENT_TARGET = 12.2;
				MTL_ENABLE_DEBUG_INFO = NO;
				MTL_FAST_MATH = YES;
				SDKROOT = iphoneos;
				SWIFT_COMPILATION_MODE = wholemodule;
				SWIFT_OPTIMIZATION_LEVEL = "-Onone";
				VALIDATE_PRODUCT = YES;
			};
			name = Production;
		};
		7802DBC32266A79600F6682F /* Production */ = {
			isa = XCBuildConfiguration;
			buildSettings = {
				ASSETCATALOG_COMPILER_APPICON_NAME = AppIcon;
				CODE_SIGN_STYLE = Automatic;
				DEVELOPMENT_TEAM = PNTT39UXP5;
				FRAMEWORK_SEARCH_PATHS = (
					"$(inherited)",
					"$(PROJECT_DIR)/Carthage/Build/iOS",
				);
				INFOPLIST_FILE = "$(SRCROOT)/MovieApp/Application/Configuration/Production/Production.plist";
				LD_RUNPATH_SEARCH_PATHS = (
					"$(inherited)",
					"@executable_path/Frameworks",
				);
				MTL_ENABLE_DEBUG_INFO = INCLUDE_SOURCE;
				PRODUCT_BUNDLE_IDENTIFIER = igor.MovieApp;
				PRODUCT_NAME = "$(TARGET_NAME)";
				SWIFT_VERSION = 5.0;
				TARGETED_DEVICE_FAMILY = "1,2";
			};
			name = Production;
		};
		7802DBD02267734200F6682F /* Staging */ = {
			isa = XCBuildConfiguration;
			baseConfigurationReference = 7802DBC52266A9C400F6682F /* Production.xcconfig */;
			buildSettings = {
				ALWAYS_SEARCH_USER_PATHS = NO;
				CLANG_ANALYZER_LOCALIZABILITY_NONLOCALIZED = YES;
				CLANG_ANALYZER_NONNULL = YES;
				CLANG_ANALYZER_NUMBER_OBJECT_CONVERSION = YES_AGGRESSIVE;
				CLANG_CXX_LANGUAGE_STANDARD = "gnu++14";
				CLANG_CXX_LIBRARY = "libc++";
				CLANG_ENABLE_MODULES = YES;
				CLANG_ENABLE_OBJC_ARC = YES;
				CLANG_ENABLE_OBJC_WEAK = YES;
				CLANG_WARN_BLOCK_CAPTURE_AUTORELEASING = YES;
				CLANG_WARN_BOOL_CONVERSION = YES;
				CLANG_WARN_COMMA = YES;
				CLANG_WARN_CONSTANT_CONVERSION = YES;
				CLANG_WARN_DEPRECATED_OBJC_IMPLEMENTATIONS = YES;
				CLANG_WARN_DIRECT_OBJC_ISA_USAGE = YES_ERROR;
				CLANG_WARN_DOCUMENTATION_COMMENTS = YES;
				CLANG_WARN_EMPTY_BODY = YES;
				CLANG_WARN_ENUM_CONVERSION = YES;
				CLANG_WARN_INFINITE_RECURSION = YES;
				CLANG_WARN_INT_CONVERSION = YES;
				CLANG_WARN_NON_LITERAL_NULL_CONVERSION = YES;
				CLANG_WARN_OBJC_IMPLICIT_RETAIN_SELF = YES;
				CLANG_WARN_OBJC_LITERAL_CONVERSION = YES;
				CLANG_WARN_OBJC_ROOT_CLASS = YES_ERROR;
				CLANG_WARN_RANGE_LOOP_ANALYSIS = YES;
				CLANG_WARN_STRICT_PROTOTYPES = YES;
				CLANG_WARN_SUSPICIOUS_MOVE = YES;
				CLANG_WARN_UNGUARDED_AVAILABILITY = YES_AGGRESSIVE;
				CLANG_WARN_UNREACHABLE_CODE = YES;
				CLANG_WARN__DUPLICATE_METHOD_MATCH = YES;
				CODE_SIGN_IDENTITY = "iPhone Developer";
				COPY_PHASE_STRIP = NO;
				DEBUG_INFORMATION_FORMAT = "dwarf-with-dsym";
				ENABLE_NS_ASSERTIONS = YES;
				ENABLE_STRICT_OBJC_MSGSEND = YES;
				ENABLE_TESTABILITY = YES;
				GCC_C_LANGUAGE_STANDARD = gnu11;
				GCC_NO_COMMON_BLOCKS = YES;
				GCC_OPTIMIZATION_LEVEL = 0;
				GCC_WARN_64_TO_32_BIT_CONVERSION = YES;
				GCC_WARN_ABOUT_RETURN_TYPE = YES_ERROR;
				GCC_WARN_UNDECLARED_SELECTOR = YES;
				GCC_WARN_UNINITIALIZED_AUTOS = YES_AGGRESSIVE;
				GCC_WARN_UNUSED_FUNCTION = YES;
				GCC_WARN_UNUSED_VARIABLE = YES;
				IPHONEOS_DEPLOYMENT_TARGET = 12.2;
				MTL_ENABLE_DEBUG_INFO = NO;
				MTL_FAST_MATH = YES;
				SDKROOT = iphoneos;
				SWIFT_COMPILATION_MODE = wholemodule;
				SWIFT_OPTIMIZATION_LEVEL = "-Onone";
				VALIDATE_PRODUCT = NO;
			};
			name = Staging;
		};
		7802DBD12267734200F6682F /* Staging */ = {
			isa = XCBuildConfiguration;
			buildSettings = {
				ASSETCATALOG_COMPILER_APPICON_NAME = AppIcon;
				CODE_SIGN_STYLE = Automatic;
				DEVELOPMENT_TEAM = PNTT39UXP5;
				ENVIRONMENT = STAGING;
				FRAMEWORK_SEARCH_PATHS = (
					"$(inherited)",
					"$(PROJECT_DIR)/Carthage/Build/iOS",
				);
				INFOPLIST_FILE = "$(SRCROOT)/MovieApp/Application/Configuration/Staging/Staging.plist";
				LD_RUNPATH_SEARCH_PATHS = (
					"$(inherited)",
					"@executable_path/Frameworks",
				);
				MTL_ENABLE_DEBUG_INFO = INCLUDE_SOURCE;
				PRODUCT_BUNDLE_IDENTIFIER = igor.MovieApp;
				PRODUCT_NAME = "$(TARGET_NAME)";
				SWIFT_VERSION = 5.0;
				TARGETED_DEVICE_FAMILY = "1,2";
			};
			name = Staging;
		};
		7802DC1A2267EC9300F6682F /* Development */ = {
			isa = XCBuildConfiguration;
			buildSettings = {
				ALWAYS_SEARCH_USER_PATHS = NO;
				BUNDLE_LOADER = "$(TEST_HOST)";
				CLANG_ANALYZER_NONNULL = YES;
				CLANG_ANALYZER_NUMBER_OBJECT_CONVERSION = YES_AGGRESSIVE;
				CLANG_CXX_LANGUAGE_STANDARD = "gnu++14";
				CLANG_CXX_LIBRARY = "libc++";
				CLANG_ENABLE_MODULES = YES;
				CLANG_ENABLE_OBJC_ARC = YES;
				CLANG_ENABLE_OBJC_WEAK = YES;
				CLANG_WARN_BLOCK_CAPTURE_AUTORELEASING = YES;
				CLANG_WARN_BOOL_CONVERSION = YES;
				CLANG_WARN_COMMA = YES;
				CLANG_WARN_CONSTANT_CONVERSION = YES;
				CLANG_WARN_DEPRECATED_OBJC_IMPLEMENTATIONS = YES;
				CLANG_WARN_DIRECT_OBJC_ISA_USAGE = YES_ERROR;
				CLANG_WARN_DOCUMENTATION_COMMENTS = YES;
				CLANG_WARN_EMPTY_BODY = YES;
				CLANG_WARN_ENUM_CONVERSION = YES;
				CLANG_WARN_INFINITE_RECURSION = YES;
				CLANG_WARN_INT_CONVERSION = YES;
				CLANG_WARN_NON_LITERAL_NULL_CONVERSION = YES;
				CLANG_WARN_OBJC_IMPLICIT_RETAIN_SELF = YES;
				CLANG_WARN_OBJC_LITERAL_CONVERSION = YES;
				CLANG_WARN_OBJC_ROOT_CLASS = YES_ERROR;
				CLANG_WARN_RANGE_LOOP_ANALYSIS = YES;
				CLANG_WARN_STRICT_PROTOTYPES = YES;
				CLANG_WARN_SUSPICIOUS_MOVE = YES;
				CLANG_WARN_UNGUARDED_AVAILABILITY = YES_AGGRESSIVE;
				CLANG_WARN_UNREACHABLE_CODE = YES;
				CLANG_WARN__DUPLICATE_METHOD_MATCH = YES;
				CODE_SIGN_IDENTITY = "iPhone Developer";
				CODE_SIGN_STYLE = Automatic;
				COPY_PHASE_STRIP = NO;
				DEBUG_INFORMATION_FORMAT = dwarf;
				DEVELOPMENT_TEAM = PNTT39UXP5;
				ENABLE_STRICT_OBJC_MSGSEND = YES;
				ENABLE_TESTABILITY = YES;
				GCC_C_LANGUAGE_STANDARD = gnu11;
				GCC_DYNAMIC_NO_PIC = NO;
				GCC_NO_COMMON_BLOCKS = YES;
				GCC_OPTIMIZATION_LEVEL = 0;
				GCC_PREPROCESSOR_DEFINITIONS = (
					"DEBUG=1",
					"$(inherited)",
				);
				GCC_WARN_64_TO_32_BIT_CONVERSION = YES;
				GCC_WARN_ABOUT_RETURN_TYPE = YES_ERROR;
				GCC_WARN_UNDECLARED_SELECTOR = YES;
				GCC_WARN_UNINITIALIZED_AUTOS = YES_AGGRESSIVE;
				GCC_WARN_UNUSED_FUNCTION = YES;
				GCC_WARN_UNUSED_VARIABLE = YES;
				INFOPLIST_FILE = MovieAppTests/Info.plist;
				IPHONEOS_DEPLOYMENT_TARGET = 12.2;
				LD_RUNPATH_SEARCH_PATHS = (
					"$(inherited)",
					"@executable_path/Frameworks",
					"@loader_path/Frameworks",
				);
				MTL_ENABLE_DEBUG_INFO = INCLUDE_SOURCE;
				MTL_FAST_MATH = YES;
				ONLY_ACTIVE_ARCH = YES;
				PRODUCT_BUNDLE_IDENTIFIER = igor.MovieAppTests;
				PRODUCT_NAME = "$(TARGET_NAME)";
				SDKROOT = iphoneos;
				SWIFT_ACTIVE_COMPILATION_CONDITIONS = DEBUG;
				SWIFT_OPTIMIZATION_LEVEL = "-Onone";
				SWIFT_VERSION = 5.0;
				TARGETED_DEVICE_FAMILY = "1,2";
				TEST_HOST = "$(BUILT_PRODUCTS_DIR)/MovieApp.app/MovieApp";
			};
			name = Development;
		};
		7802DC1B2267EC9300F6682F /* Production */ = {
			isa = XCBuildConfiguration;
			buildSettings = {
				ALWAYS_SEARCH_USER_PATHS = NO;
				BUNDLE_LOADER = "$(TEST_HOST)";
				CLANG_ANALYZER_NONNULL = YES;
				CLANG_ANALYZER_NUMBER_OBJECT_CONVERSION = YES_AGGRESSIVE;
				CLANG_CXX_LANGUAGE_STANDARD = "gnu++14";
				CLANG_CXX_LIBRARY = "libc++";
				CLANG_ENABLE_MODULES = YES;
				CLANG_ENABLE_OBJC_ARC = YES;
				CLANG_ENABLE_OBJC_WEAK = YES;
				CLANG_WARN_BLOCK_CAPTURE_AUTORELEASING = YES;
				CLANG_WARN_BOOL_CONVERSION = YES;
				CLANG_WARN_COMMA = YES;
				CLANG_WARN_CONSTANT_CONVERSION = YES;
				CLANG_WARN_DEPRECATED_OBJC_IMPLEMENTATIONS = YES;
				CLANG_WARN_DIRECT_OBJC_ISA_USAGE = YES_ERROR;
				CLANG_WARN_DOCUMENTATION_COMMENTS = YES;
				CLANG_WARN_EMPTY_BODY = YES;
				CLANG_WARN_ENUM_CONVERSION = YES;
				CLANG_WARN_INFINITE_RECURSION = YES;
				CLANG_WARN_INT_CONVERSION = YES;
				CLANG_WARN_NON_LITERAL_NULL_CONVERSION = YES;
				CLANG_WARN_OBJC_IMPLICIT_RETAIN_SELF = YES;
				CLANG_WARN_OBJC_LITERAL_CONVERSION = YES;
				CLANG_WARN_OBJC_ROOT_CLASS = YES_ERROR;
				CLANG_WARN_RANGE_LOOP_ANALYSIS = YES;
				CLANG_WARN_STRICT_PROTOTYPES = YES;
				CLANG_WARN_SUSPICIOUS_MOVE = YES;
				CLANG_WARN_UNGUARDED_AVAILABILITY = YES_AGGRESSIVE;
				CLANG_WARN_UNREACHABLE_CODE = YES;
				CLANG_WARN__DUPLICATE_METHOD_MATCH = YES;
				CODE_SIGN_IDENTITY = "iPhone Developer";
				CODE_SIGN_STYLE = Automatic;
				COPY_PHASE_STRIP = NO;
				DEBUG_INFORMATION_FORMAT = "dwarf-with-dsym";
				DEVELOPMENT_TEAM = PNTT39UXP5;
				ENABLE_NS_ASSERTIONS = NO;
				ENABLE_STRICT_OBJC_MSGSEND = YES;
				GCC_C_LANGUAGE_STANDARD = gnu11;
				GCC_NO_COMMON_BLOCKS = YES;
				GCC_WARN_64_TO_32_BIT_CONVERSION = YES;
				GCC_WARN_ABOUT_RETURN_TYPE = YES_ERROR;
				GCC_WARN_UNDECLARED_SELECTOR = YES;
				GCC_WARN_UNINITIALIZED_AUTOS = YES_AGGRESSIVE;
				GCC_WARN_UNUSED_FUNCTION = YES;
				GCC_WARN_UNUSED_VARIABLE = YES;
				INFOPLIST_FILE = MovieAppTests/Info.plist;
				IPHONEOS_DEPLOYMENT_TARGET = 12.2;
				LD_RUNPATH_SEARCH_PATHS = (
					"$(inherited)",
					"@executable_path/Frameworks",
					"@loader_path/Frameworks",
				);
				MTL_ENABLE_DEBUG_INFO = NO;
				MTL_FAST_MATH = YES;
				PRODUCT_BUNDLE_IDENTIFIER = igor.MovieAppTests;
				PRODUCT_NAME = "$(TARGET_NAME)";
				SDKROOT = iphoneos;
				SWIFT_COMPILATION_MODE = wholemodule;
				SWIFT_OPTIMIZATION_LEVEL = "-O";
				SWIFT_VERSION = 5.0;
				TARGETED_DEVICE_FAMILY = "1,2";
				TEST_HOST = "$(BUILT_PRODUCTS_DIR)/MovieApp.app/MovieApp";
				VALIDATE_PRODUCT = YES;
			};
			name = Production;
		};
		7802DC1C2267EC9300F6682F /* Staging */ = {
			isa = XCBuildConfiguration;
			buildSettings = {
				ALWAYS_SEARCH_USER_PATHS = NO;
				BUNDLE_LOADER = "$(TEST_HOST)";
				CLANG_ANALYZER_NONNULL = YES;
				CLANG_ANALYZER_NUMBER_OBJECT_CONVERSION = YES_AGGRESSIVE;
				CLANG_CXX_LANGUAGE_STANDARD = "gnu++14";
				CLANG_CXX_LIBRARY = "libc++";
				CLANG_ENABLE_MODULES = YES;
				CLANG_ENABLE_OBJC_ARC = YES;
				CLANG_ENABLE_OBJC_WEAK = YES;
				CLANG_WARN_BLOCK_CAPTURE_AUTORELEASING = YES;
				CLANG_WARN_BOOL_CONVERSION = YES;
				CLANG_WARN_COMMA = YES;
				CLANG_WARN_CONSTANT_CONVERSION = YES;
				CLANG_WARN_DEPRECATED_OBJC_IMPLEMENTATIONS = YES;
				CLANG_WARN_DIRECT_OBJC_ISA_USAGE = YES_ERROR;
				CLANG_WARN_DOCUMENTATION_COMMENTS = YES;
				CLANG_WARN_EMPTY_BODY = YES;
				CLANG_WARN_ENUM_CONVERSION = YES;
				CLANG_WARN_INFINITE_RECURSION = YES;
				CLANG_WARN_INT_CONVERSION = YES;
				CLANG_WARN_NON_LITERAL_NULL_CONVERSION = YES;
				CLANG_WARN_OBJC_IMPLICIT_RETAIN_SELF = YES;
				CLANG_WARN_OBJC_LITERAL_CONVERSION = YES;
				CLANG_WARN_OBJC_ROOT_CLASS = YES_ERROR;
				CLANG_WARN_RANGE_LOOP_ANALYSIS = YES;
				CLANG_WARN_STRICT_PROTOTYPES = YES;
				CLANG_WARN_SUSPICIOUS_MOVE = YES;
				CLANG_WARN_UNGUARDED_AVAILABILITY = YES_AGGRESSIVE;
				CLANG_WARN_UNREACHABLE_CODE = YES;
				CLANG_WARN__DUPLICATE_METHOD_MATCH = YES;
				CODE_SIGN_IDENTITY = "iPhone Developer";
				CODE_SIGN_STYLE = Automatic;
				COPY_PHASE_STRIP = NO;
				DEBUG_INFORMATION_FORMAT = "dwarf-with-dsym";
				DEVELOPMENT_TEAM = PNTT39UXP5;
				ENABLE_NS_ASSERTIONS = NO;
				ENABLE_STRICT_OBJC_MSGSEND = YES;
				GCC_C_LANGUAGE_STANDARD = gnu11;
				GCC_NO_COMMON_BLOCKS = YES;
				GCC_WARN_64_TO_32_BIT_CONVERSION = YES;
				GCC_WARN_ABOUT_RETURN_TYPE = YES_ERROR;
				GCC_WARN_UNDECLARED_SELECTOR = YES;
				GCC_WARN_UNINITIALIZED_AUTOS = YES_AGGRESSIVE;
				GCC_WARN_UNUSED_FUNCTION = YES;
				GCC_WARN_UNUSED_VARIABLE = YES;
				INFOPLIST_FILE = MovieAppTests/Info.plist;
				IPHONEOS_DEPLOYMENT_TARGET = 12.2;
				LD_RUNPATH_SEARCH_PATHS = (
					"$(inherited)",
					"@executable_path/Frameworks",
					"@loader_path/Frameworks",
				);
				MTL_ENABLE_DEBUG_INFO = NO;
				MTL_FAST_MATH = YES;
				PRODUCT_BUNDLE_IDENTIFIER = igor.MovieAppTests;
				PRODUCT_NAME = "$(TARGET_NAME)";
				SDKROOT = iphoneos;
				SWIFT_COMPILATION_MODE = wholemodule;
				SWIFT_OPTIMIZATION_LEVEL = "-O";
				SWIFT_VERSION = 5.0;
				TARGETED_DEVICE_FAMILY = "1,2";
				TEST_HOST = "$(BUILT_PRODUCTS_DIR)/MovieApp.app/MovieApp";
				VALIDATE_PRODUCT = YES;
			};
			name = Staging;
		};
/* End XCBuildConfiguration section */

/* Begin XCConfigurationList section */
		7802DB892264178E00F6682F /* Build configuration list for PBXProject "MovieApp" */ = {
			isa = XCConfigurationList;
			buildConfigurations = (
				7802DB9E2264179100F6682F /* Development */,
				7802DBC22266A79600F6682F /* Production */,
				7802DBD02267734200F6682F /* Staging */,
			);
			defaultConfigurationIsVisible = 0;
			defaultConfigurationName = Development;
		};
		7802DBA02264179100F6682F /* Build configuration list for PBXNativeTarget "MovieApp" */ = {
			isa = XCConfigurationList;
			buildConfigurations = (
				7802DBA12264179100F6682F /* Development */,
				7802DBC32266A79600F6682F /* Production */,
				7802DBD12267734200F6682F /* Staging */,
			);
			defaultConfigurationIsVisible = 0;
			defaultConfigurationName = Development;
		};
		7802DC192267EC9300F6682F /* Build configuration list for PBXNativeTarget "MovieAppTests" */ = {
			isa = XCConfigurationList;
			buildConfigurations = (
				7802DC1A2267EC9300F6682F /* Development */,
				7802DC1B2267EC9300F6682F /* Production */,
				7802DC1C2267EC9300F6682F /* Staging */,
			);
			defaultConfigurationIsVisible = 0;
			defaultConfigurationName = Development;
		};
/* End XCConfigurationList section */
	};
	rootObject = 7802DB862264178E00F6682F /* Project object */;
}
